
Microsoft Visual Studio Solution File, Format Version 12.00
# Visual Studio Version 16
VisualStudioVersion = 16.0.28315.86
MinimumVisualStudioVersion = 10.0.40219.1
Project("{9A19103F-16F7-4668-BE54-9A1E7A4F7556}") = "RequestTinkering", "RequestTinkering\RequestTinkering.csproj", "{5B42314C-E4F1-470F-9AED-AD4EAD55036A}"
EndProject
Project("{FAE04EC0-301F-11D3-BF4B-00C04F79EFBC}") = "Kelson.AspNetCore.AwaitRequests", "Kelson.AspNetCore.AwaitRequests\Kelson.AspNetCore.AwaitRequests.csproj", "{BB4D9038-4064-430F-B361-321221330350}"
EndProject
Global
	GlobalSection(SolutionConfigurationPlatforms) = preSolution
		Debug|Any CPU = Debug|Any CPU
		Release|Any CPU = Release|Any CPU
	EndGlobalSection
	GlobalSection(ProjectConfigurationPlatforms) = postSolution
		{5B42314C-E4F1-470F-9AED-AD4EAD55036A}.Debug|Any CPU.ActiveCfg = Debug|Any CPU
		{5B42314C-E4F1-470F-9AED-AD4EAD55036A}.Debug|Any CPU.Build.0 = Debug|Any CPU
		{5B42314C-E4F1-470F-9AED-AD4EAD55036A}.Release|Any CPU.ActiveCfg = Release|Any CPU
		{5B42314C-E4F1-470F-9AED-AD4EAD55036A}.Release|Any CPU.Build.0 = Release|Any CPU
		{BB4D9038-4064-430F-B361-321221330350}.Debug|Any CPU.ActiveCfg = Debug|Any CPU
		{BB4D9038-4064-430F-B361-321221330350}.Debug|Any CPU.Build.0 = Debug|Any CPU
		{BB4D9038-4064-430F-B361-321221330350}.Release|Any CPU.ActiveCfg = Release|Any CPU
		{BB4D9038-4064-430F-B361-321221330350}.Release|Any CPU.Build.0 = Release|Any CPU
	EndGlobalSection
	GlobalSection(SolutionProperties) = preSolution
		HideSolutionNode = FALSE
	EndGlobalSection
	GlobalSection(ExtensibilityGlobals) = postSolution
		SolutionGuid = {E9356844-62DE-401F-B7F6-A47545CB02CF}
	EndGlobalSection
EndGlobal
